
Microsoft Visual Studio Solution File, Format Version 12.00
# Visual Studio 14
VisualStudioVersion = 14.0.25123.0
MinimumVisualStudioVersion = 10.0.40219.1
Project("{FAE04EC0-301F-11D3-BF4B-00C04F79EFBC}") = "WebApplication", "WebApplication\WebApplication.csproj", "{D2EB2AAA-835F-454C-9AFA-26025D2E13DE}"
EndProject
Project("{FAE04EC0-301F-11D3-BF4B-00C04F79EFBC}") = "System.Web.Bem", "System.Web.Bem\System.Web.Bem.csproj", "{3C5830C5-377F-49F9-B0AC-F578860F5710}"
EndProject
Project("{2150E333-8FDC-42A3-9474-1A3956D46DE8}") = "Solution Items", "Solution Items", "{C5FB79CF-1F87-49AA-A7DC-81140509A300}"
	ProjectSection(SolutionItems) = preProject
		README.md = README.md
	EndProjectSection
EndProject
Project("{FAE04EC0-301F-11D3-BF4B-00C04F79EFBC}") = "Benchmarks", "Benchmarks\Benchmarks.csproj", "{A9128635-9F2E-468C-A309-858DC1BD63A2}"
EndProject
Global
	GlobalSection(SolutionConfigurationPlatforms) = preSolution
		Debug|Any CPU = Debug|Any CPU
		Release|Any CPU = Release|Any CPU
	EndGlobalSection
	GlobalSection(ProjectConfigurationPlatforms) = postSolution
		{D2EB2AAA-835F-454C-9AFA-26025D2E13DE}.Debug|Any CPU.ActiveCfg = Debug|Any CPU
		{D2EB2AAA-835F-454C-9AFA-26025D2E13DE}.Debug|Any CPU.Build.0 = Debug|Any CPU
		{D2EB2AAA-835F-454C-9AFA-26025D2E13DE}.Release|Any CPU.ActiveCfg = Release|Any CPU
		{D2EB2AAA-835F-454C-9AFA-26025D2E13DE}.Release|Any CPU.Build.0 = Release|Any CPU
		{3C5830C5-377F-49F9-B0AC-F578860F5710}.Debug|Any CPU.ActiveCfg = Debug|Any CPU
		{3C5830C5-377F-49F9-B0AC-F578860F5710}.Debug|Any CPU.Build.0 = Debug|Any CPU
		{3C5830C5-377F-49F9-B0AC-F578860F5710}.Release|Any CPU.ActiveCfg = Release|Any CPU
		{3C5830C5-377F-49F9-B0AC-F578860F5710}.Release|Any CPU.Build.0 = Release|Any CPU
		{A9128635-9F2E-468C-A309-858DC1BD63A2}.Debug|Any CPU.ActiveCfg = Debug|Any CPU
		{A9128635-9F2E-468C-A309-858DC1BD63A2}.Debug|Any CPU.Build.0 = Debug|Any CPU
		{A9128635-9F2E-468C-A309-858DC1BD63A2}.Release|Any CPU.ActiveCfg = Release|Any CPU
		{A9128635-9F2E-468C-A309-858DC1BD63A2}.Release|Any CPU.Build.0 = Release|Any CPU
	EndGlobalSection
	GlobalSection(SolutionProperties) = preSolution
		HideSolutionNode = FALSE
	EndGlobalSection
EndGlobal
